
Microsoft Visual Studio Solution File, Format Version 12.00
# Visual Studio 15
Project("{FAE04EC0-301F-11D3-BF4B-00C04F79EFBC}") = "Assembly-CSharp", "Assembly-CSharp.csproj", "{0038F939-7C76-0409-5B69-985BEE51CD08}"
EndProject
Project("{FAE04EC0-301F-11D3-BF4B-00C04F79EFBC}") = "Assembly-CSharp-Editor", "Assembly-CSharp-Editor.csproj", "{C8944F2F-2616-CF2D-9E95-F9141157A5FC}"
EndProject
Global
	GlobalSection(SolutionConfigurationPlatforms) = preSolution
		Debug|Any CPU = Debug|Any CPU
		Release|Any CPU = Release|Any CPU
	EndGlobalSection
	GlobalSection(ProjectConfigurationPlatforms) = postSolution
		{0038F939-7C76-0409-5B69-985BEE51CD08}.Debug|Any CPU.ActiveCfg = Debug|Any CPU
		{0038F939-7C76-0409-5B69-985BEE51CD08}.Debug|Any CPU.Build.0 = Debug|Any CPU
		{0038F939-7C76-0409-5B69-985BEE51CD08}.Release|Any CPU.ActiveCfg = Release|Any CPU
		{0038F939-7C76-0409-5B69-985BEE51CD08}.Release|Any CPU.Build.0 = Release|Any CPU
		{C8944F2F-2616-CF2D-9E95-F9141157A5FC}.Debug|Any CPU.ActiveCfg = Debug|Any CPU
		{C8944F2F-2616-CF2D-9E95-F9141157A5FC}.Debug|Any CPU.Build.0 = Debug|Any CPU
		{C8944F2F-2616-CF2D-9E95-F9141157A5FC}.Release|Any CPU.ActiveCfg = Release|Any CPU
		{C8944F2F-2616-CF2D-9E95-F9141157A5FC}.Release|Any CPU.Build.0 = Release|Any CPU
	EndGlobalSection
	GlobalSection(SolutionProperties) = preSolution
		HideSolutionNode = FALSE
	EndGlobalSection
EndGlobal
